
Microsoft Visual Studio Solution File, Format Version 12.00
# Visual Studio Version 16
VisualStudioVersion = 16.0.31624.102
MinimumVisualStudioVersion = 10.0.40219.1
Project("{FAE04EC0-301F-11D3-BF4B-00C04F79EFBC}") = "MoreStringsExercises", "MoreStringsExercises\MoreStringsExercises.csproj", "{96F6722A-D1FA-4F4C-81DD-00EAED6A9C8F}"
EndProject
Project("{FAE04EC0-301F-11D3-BF4B-00C04F79EFBC}") = "WordCounter", "WordCounter\WordCounter.csproj", "{1F943BC4-2D0D-4BC9-8E24-3B7B9657AAB4}"
EndProject
Project("{FAE04EC0-301F-11D3-BF4B-00C04F79EFBC}") = "SubstituteCharacters", "SubstituteCharacters\SubstituteCharacters.csproj", "{F814FE20-344A-43DF-AE5F-5AB308B9355F}"
EndProject
Project("{FAE04EC0-301F-11D3-BF4B-00C04F79EFBC}") = "ForEachLoop", "ForEachLoop\ForEachLoop.csproj", "{B35D2F69-6CF4-4611-8F50-F7547DA94B31}"
EndProject
Project("{FAE04EC0-301F-11D3-BF4B-00C04F79EFBC}") = "CharacterCounter", "CharacterCounter\CharacterCounter.csproj", "{6D6DA9C0-CF3D-4052-9AC7-D141C4473A2B}"
EndProject
Global
	GlobalSection(SolutionConfigurationPlatforms) = preSolution
		Debug|Any CPU = Debug|Any CPU
		Release|Any CPU = Release|Any CPU
	EndGlobalSection
	GlobalSection(ProjectConfigurationPlatforms) = postSolution
		{96F6722A-D1FA-4F4C-81DD-00EAED6A9C8F}.Debug|Any CPU.ActiveCfg = Debug|Any CPU
		{96F6722A-D1FA-4F4C-81DD-00EAED6A9C8F}.Debug|Any CPU.Build.0 = Debug|Any CPU
		{96F6722A-D1FA-4F4C-81DD-00EAED6A9C8F}.Release|Any CPU.ActiveCfg = Release|Any CPU
		{96F6722A-D1FA-4F4C-81DD-00EAED6A9C8F}.Release|Any CPU.Build.0 = Release|Any CPU
		{1F943BC4-2D0D-4BC9-8E24-3B7B9657AAB4}.Debug|Any CPU.ActiveCfg = Debug|Any CPU
		{1F943BC4-2D0D-4BC9-8E24-3B7B9657AAB4}.Debug|Any CPU.Build.0 = Debug|Any CPU
		{1F943BC4-2D0D-4BC9-8E24-3B7B9657AAB4}.Release|Any CPU.ActiveCfg = Release|Any CPU
		{1F943BC4-2D0D-4BC9-8E24-3B7B9657AAB4}.Release|Any CPU.Build.0 = Release|Any CPU
		{F814FE20-344A-43DF-AE5F-5AB308B9355F}.Debug|Any CPU.ActiveCfg = Debug|Any CPU
		{F814FE20-344A-43DF-AE5F-5AB308B9355F}.Debug|Any CPU.Build.0 = Debug|Any CPU
		{F814FE20-344A-43DF-AE5F-5AB308B9355F}.Release|Any CPU.ActiveCfg = Release|Any CPU
		{F814FE20-344A-43DF-AE5F-5AB308B9355F}.Release|Any CPU.Build.0 = Release|Any CPU
		{B35D2F69-6CF4-4611-8F50-F7547DA94B31}.Debug|Any CPU.ActiveCfg = Debug|Any CPU
		{B35D2F69-6CF4-4611-8F50-F7547DA94B31}.Debug|Any CPU.Build.0 = Debug|Any CPU
		{B35D2F69-6CF4-4611-8F50-F7547DA94B31}.Release|Any CPU.ActiveCfg = Release|Any CPU
		{B35D2F69-6CF4-4611-8F50-F7547DA94B31}.Release|Any CPU.Build.0 = Release|Any CPU
		{6D6DA9C0-CF3D-4052-9AC7-D141C4473A2B}.Debug|Any CPU.ActiveCfg = Debug|Any CPU
		{6D6DA9C0-CF3D-4052-9AC7-D141C4473A2B}.Debug|Any CPU.Build.0 = Debug|Any CPU
		{6D6DA9C0-CF3D-4052-9AC7-D141C4473A2B}.Release|Any CPU.ActiveCfg = Release|Any CPU
		{6D6DA9C0-CF3D-4052-9AC7-D141C4473A2B}.Release|Any CPU.Build.0 = Release|Any CPU
	EndGlobalSection
	GlobalSection(SolutionProperties) = preSolution
		HideSolutionNode = FALSE
	EndGlobalSection
	GlobalSection(ExtensibilityGlobals) = postSolution
		SolutionGuid = {AC9762D0-D1DA-4D3E-B1C9-611464F8CEDB}
	EndGlobalSection
EndGlobal
